{
    "name": "my-app",
    "version": "1.0.0",
    "lockfileVersion": 2,
    "requires": true,
    "dependencies": {
      "express": {
        "version": "4.17.1",
        "resolved": "https://registry.npmjs.org/express/-/express-4.17.1.tgz",
        "integrity": "sha512-YR1Lo7O...",
        "requires": {
          "accepts": "~1.3.7",
          "array-flatten": "1.1.1"
        }
      },
      "cross-spawn": {
        "version": "7.0.5",
        "resolved": "https://registry.npmjs.org/cross-spawn/-/cross-spawn-7.0.5.tgz",
        "integrity": "sha512-jFusDL...",
        "requires": {
          "path-key": "^3.1.0"
        }
      }
    }
  }
  